
Microsoft Visual Studio Solution File, Format Version 12.00
# Visual Studio Version 16
VisualStudioVersion = 16.0.30611.23
MinimumVisualStudioVersion = 10.0.40219.1
Project("{FAE04EC0-301F-11D3-BF4B-00C04F79EFBC}") = "WebApplication1UdemiDevOps", "WebApplication1UdemiDevOps\WebApplication1UdemiDevOps.csproj", "{467C214B-1938-4159-BC31-A00816D58AA3}"
EndProject
Global
	GlobalSection(SolutionConfigurationPlatforms) = preSolution
		Debug|Any CPU = Debug|Any CPU
		Release|Any CPU = Release|Any CPU
	EndGlobalSection
	GlobalSection(ProjectConfigurationPlatforms) = postSolution
		{467C214B-1938-4159-BC31-A00816D58AA3}.Debug|Any CPU.ActiveCfg = Debug|Any CPU
		{467C214B-1938-4159-BC31-A00816D58AA3}.Debug|Any CPU.Build.0 = Debug|Any CPU
		{467C214B-1938-4159-BC31-A00816D58AA3}.Release|Any CPU.ActiveCfg = Release|Any CPU
		{467C214B-1938-4159-BC31-A00816D58AA3}.Release|Any CPU.Build.0 = Release|Any CPU
	EndGlobalSection
	GlobalSection(SolutionProperties) = preSolution
		HideSolutionNode = FALSE
	EndGlobalSection
	GlobalSection(ExtensibilityGlobals) = postSolution
		SolutionGuid = {7CF98F89-B762-48A3-A061-2B08A86DAAA5}
	EndGlobalSection
EndGlobal
